Microsoft Visual Studio Solution File, Format Version 8.00
Project("{8BC9CEB8-8B4A-11D0-8D11-00A0C91BC942}") = "01_util", "src\main\01_util\01_util.vcproj", "{1D55EA50-6142-4DE9-80BF-79227326344A}"
	ProjectSection(ProjectDependencies) = postProject
	EndProjectSection
EndProject
Project("{8BC9CEB8-8B4A-11D0-8D11-00A0C91BC942}") = "00_tcp", "src\main\00_tcp\00_tcp.vcproj", "{B611F981-1353-4B13-A6FE-695034268D72}"
	ProjectSection(ProjectDependencies) = postProject
	EndProjectSection
EndProject
Project("{8BC9CEB8-8B4A-11D0-8D11-00A0C91BC942}") = "04_time", "src\main\04_time\04_time.vcproj", "{BB6C0975-210C-4358-82B6-B39EC3EE1AD4}"
	ProjectSection(ProjectDependencies) = postProject
	EndProjectSection
EndProject
Project("{8BC9CEB8-8B4A-11D0-8D11-00A0C91BC942}") = "07_nnmap", "src\main\07_nnmap\07_nnmap.vcproj", "{04690C23-57E1-4B85-9A23-204FA8D310B8}"
	ProjectSection(ProjectDependencies) = postProject
	EndProjectSection
EndProject
Project("{8BC9CEB8-8B4A-11D0-8D11-00A0C91BC942}") = "15_env", "src\main\15_env\15_env.vcproj", "{DFDC896C-0867-4704-896B-43FDE04E3AA8}"
	ProjectSection(ProjectDependencies) = postProject
	EndProjectSection
EndProject
Project("{8BC9CEB8-8B4A-11D0-8D11-00A0C91BC942}") = "33_route_planner", "src\main\33_route_planner\33_route_planner.vcproj", "{DCB40545-776B-4B6E-A050-D4A513880697}"
	ProjectSection(ProjectDependencies) = postProject
	EndProjectSection
EndProject
Project("{8BC9CEB8-8B4A-11D0-8D11-00A0C91BC942}") = "39_carto", "src\main\39_carto\39_carto.vcproj", "{0215F340-8C69-48B0-8D19-88758740BC47}"
	ProjectSection(ProjectDependencies) = postProject
	EndProjectSection
EndProject
Project("{8BC9CEB8-8B4A-11D0-8D11-00A0C91BC942}") = "70_server", "src\main\70_server\70_server.vcproj", "{E26A16FA-CFD6-4B0A-89DE-E6E3BB87E764}"
	ProjectSection(ProjectDependencies) = postProject
	EndProjectSection
EndProject
Global
	GlobalSection(SolutionConfiguration) = preSolution
		Debug = Debug
		Release = Release
	EndGlobalSection
	GlobalSection(ProjectConfiguration) = postSolution
		{1D55EA50-6142-4DE9-80BF-79227326344A}.Debug.ActiveCfg = Debug|Win32
		{1D55EA50-6142-4DE9-80BF-79227326344A}.Debug.Build.0 = Debug|Win32
		{1D55EA50-6142-4DE9-80BF-79227326344A}.Release.ActiveCfg = Release|Win32
		{1D55EA50-6142-4DE9-80BF-79227326344A}.Release.Build.0 = Release|Win32
		{B611F981-1353-4B13-A6FE-695034268D72}.Debug.ActiveCfg = Debug|Win32
		{B611F981-1353-4B13-A6FE-695034268D72}.Debug.Build.0 = Debug|Win32
		{B611F981-1353-4B13-A6FE-695034268D72}.Release.ActiveCfg = Release|Win32
		{B611F981-1353-4B13-A6FE-695034268D72}.Release.Build.0 = Release|Win32
		{BB6C0975-210C-4358-82B6-B39EC3EE1AD4}.Debug.ActiveCfg = Debug|Win32
		{BB6C0975-210C-4358-82B6-B39EC3EE1AD4}.Debug.Build.0 = Debug|Win32
		{BB6C0975-210C-4358-82B6-B39EC3EE1AD4}.Release.ActiveCfg = Release|Win32
		{BB6C0975-210C-4358-82B6-B39EC3EE1AD4}.Release.Build.0 = Release|Win32
		{04690C23-57E1-4B85-9A23-204FA8D310B8}.Debug.ActiveCfg = Debug|Win32
		{04690C23-57E1-4B85-9A23-204FA8D310B8}.Debug.Build.0 = Debug|Win32
		{04690C23-57E1-4B85-9A23-204FA8D310B8}.Release.ActiveCfg = Release|Win32
		{04690C23-57E1-4B85-9A23-204FA8D310B8}.Release.Build.0 = Release|Win32
		{DFDC896C-0867-4704-896B-43FDE04E3AA8}.Debug.ActiveCfg = Debug|Win32
		{DFDC896C-0867-4704-896B-43FDE04E3AA8}.Debug.Build.0 = Debug|Win32
		{DFDC896C-0867-4704-896B-43FDE04E3AA8}.Release.ActiveCfg = Release|Win32
		{DFDC896C-0867-4704-896B-43FDE04E3AA8}.Release.Build.0 = Release|Win32
		{DCB40545-776B-4B6E-A050-D4A513880697}.Debug.ActiveCfg = Debug|Win32
		{DCB40545-776B-4B6E-A050-D4A513880697}.Debug.Build.0 = Debug|Win32
		{DCB40545-776B-4B6E-A050-D4A513880697}.Release.ActiveCfg = Release|Win32
		{DCB40545-776B-4B6E-A050-D4A513880697}.Release.Build.0 = Release|Win32
		{0215F340-8C69-48B0-8D19-88758740BC47}.Debug.ActiveCfg = Debug|Win32
		{0215F340-8C69-48B0-8D19-88758740BC47}.Debug.Build.0 = Debug|Win32
		{0215F340-8C69-48B0-8D19-88758740BC47}.Release.ActiveCfg = Release|Win32
		{0215F340-8C69-48B0-8D19-88758740BC47}.Release.Build.0 = Release|Win32
		{E26A16FA-CFD6-4B0A-89DE-E6E3BB87E764}.Debug.ActiveCfg = Debug|Win32
		{E26A16FA-CFD6-4B0A-89DE-E6E3BB87E764}.Debug.Build.0 = Debug|Win32
		{E26A16FA-CFD6-4B0A-89DE-E6E3BB87E764}.Release.ActiveCfg = Release|Win32
		{E26A16FA-CFD6-4B0A-89DE-E6E3BB87E764}.Release.Build.0 = Release|Win32
	EndGlobalSection
	GlobalSection(SolutionItems) = postSolution
		SConstruct = SConstruct
		vsscons.bat = vsscons.bat
	EndGlobalSection
	GlobalSection(ExtensibilityGlobals) = postSolution
	EndGlobalSection
	GlobalSection(ExtensibilityAddIns) = postSolution
	EndGlobalSection
EndGlobal
