Microsoft Visual Studio Solution File, Format Version 9.00
# Visual Studio 2005
Project("{8BC9CEB8-8B4A-11D0-8D11-00A0C91BC942}") = "01_util", "src\main\01_util\01_util.vcproj", "{1D55EA50-6142-4DE9-80BF-79227326344A}"
EndProject
Project("{8BC9CEB8-8B4A-11D0-8D11-00A0C91BC942}") = "00_tcp", "src\main\00_tcp\00_tcp.vcproj", "{B611F981-1353-4B13-A6FE-695034268D72}"
EndProject
Project("{8BC9CEB8-8B4A-11D0-8D11-00A0C91BC942}") = "04_time", "src\main\04_time\04_time.vcproj", "{BB6C0975-210C-4358-82B6-B39EC3EE1AD4}"
EndProject
Project("{8BC9CEB8-8B4A-11D0-8D11-00A0C91BC942}") = "07_nnmap", "src\main\07_nnmap\07_nnmap.vcproj", "{04690C23-57E1-4B85-9A23-204FA8D310B8}"
EndProject
Project("{8BC9CEB8-8B4A-11D0-8D11-00A0C91BC942}") = "15_env", "src\main\15_env\15_env.vcproj", "{DFDC896C-0867-4704-896B-43FDE04E3AA8}"
EndProject
Project("{8BC9CEB8-8B4A-11D0-8D11-00A0C91BC942}") = "33_route_planner", "src\main\33_route_planner\33_route_planner.vcproj", "{DCB40545-776B-4B6E-A050-D4A513880697}"
EndProject
Project("{8BC9CEB8-8B4A-11D0-8D11-00A0C91BC942}") = "39_carto", "src\main\39_carto\39_carto.vcproj", "{0215F340-8C69-48B0-8D19-88758740BC47}"
EndProject
Project("{8BC9CEB8-8B4A-11D0-8D11-00A0C91BC942}") = "70_server", "src\main\70_server\70_server.vcproj", "{E26A16FA-CFD6-4B0A-89DE-E6E3BB87E764}"
EndProject
Project("{2150E333-8FDC-42A3-9474-1A3956D46DE8}") = "Solution Items", "Solution Items", "{C58E5C35-3EC5-4B95-8645-1B35DE986086}"
	ProjectSection(SolutionItems) = preProject
		SConstruct = SConstruct
		vsscons.bat = vsscons.bat
	EndProjectSection
EndProject
Project("{8BC9CEB8-8B4A-11D0-8D11-00A0C91BC942}") = "40_carto_ls_xml", "src\main\40_carto_ls_xml\40_carto_ls_xml.vcproj", "{4E31B684-7499-4688-A0A1-199CCAFBAB94}"
EndProject
Project("{8BC9CEB8-8B4A-11D0-8D11-00A0C91BC942}") = "16_env_ls_xml", "src\main\16_env_ls_xml\16_env_ls_xml.vcproj", "{F3F52407-AF2D-4B4A-AE92-B455037596FD}"
EndProject
Global
	GlobalSection(SolutionConfigurationPlatforms) = preSolution
		Debug|Win32 = Debug|Win32
		Release|Win32 = Release|Win32
	EndGlobalSection
	GlobalSection(ProjectConfigurationPlatforms) = postSolution
		{1D55EA50-6142-4DE9-80BF-79227326344A}.Debug|Win32.ActiveCfg = Debug|Win32
		{1D55EA50-6142-4DE9-80BF-79227326344A}.Debug|Win32.Build.0 = Debug|Win32
		{1D55EA50-6142-4DE9-80BF-79227326344A}.Release|Win32.ActiveCfg = Release|Win32
		{1D55EA50-6142-4DE9-80BF-79227326344A}.Release|Win32.Build.0 = Release|Win32
		{B611F981-1353-4B13-A6FE-695034268D72}.Debug|Win32.ActiveCfg = Debug|Win32
		{B611F981-1353-4B13-A6FE-695034268D72}.Debug|Win32.Build.0 = Debug|Win32
		{B611F981-1353-4B13-A6FE-695034268D72}.Release|Win32.ActiveCfg = Release|Win32
		{B611F981-1353-4B13-A6FE-695034268D72}.Release|Win32.Build.0 = Release|Win32
		{BB6C0975-210C-4358-82B6-B39EC3EE1AD4}.Debug|Win32.ActiveCfg = Debug|Win32
		{BB6C0975-210C-4358-82B6-B39EC3EE1AD4}.Debug|Win32.Build.0 = Debug|Win32
		{BB6C0975-210C-4358-82B6-B39EC3EE1AD4}.Release|Win32.ActiveCfg = Release|Win32
		{BB6C0975-210C-4358-82B6-B39EC3EE1AD4}.Release|Win32.Build.0 = Release|Win32
		{04690C23-57E1-4B85-9A23-204FA8D310B8}.Debug|Win32.ActiveCfg = Debug|Win32
		{04690C23-57E1-4B85-9A23-204FA8D310B8}.Debug|Win32.Build.0 = Debug|Win32
		{04690C23-57E1-4B85-9A23-204FA8D310B8}.Release|Win32.ActiveCfg = Release|Win32
		{04690C23-57E1-4B85-9A23-204FA8D310B8}.Release|Win32.Build.0 = Release|Win32
		{DFDC896C-0867-4704-896B-43FDE04E3AA8}.Debug|Win32.ActiveCfg = Debug|Win32
		{DFDC896C-0867-4704-896B-43FDE04E3AA8}.Debug|Win32.Build.0 = Debug|Win32
		{DFDC896C-0867-4704-896B-43FDE04E3AA8}.Release|Win32.ActiveCfg = Release|Win32
		{DFDC896C-0867-4704-896B-43FDE04E3AA8}.Release|Win32.Build.0 = Release|Win32
		{DCB40545-776B-4B6E-A050-D4A513880697}.Debug|Win32.ActiveCfg = Debug|Win32
		{DCB40545-776B-4B6E-A050-D4A513880697}.Debug|Win32.Build.0 = Debug|Win32
		{DCB40545-776B-4B6E-A050-D4A513880697}.Release|Win32.ActiveCfg = Release|Win32
		{DCB40545-776B-4B6E-A050-D4A513880697}.Release|Win32.Build.0 = Release|Win32
		{0215F340-8C69-48B0-8D19-88758740BC47}.Debug|Win32.ActiveCfg = Debug|Win32
		{0215F340-8C69-48B0-8D19-88758740BC47}.Debug|Win32.Build.0 = Debug|Win32
		{0215F340-8C69-48B0-8D19-88758740BC47}.Release|Win32.ActiveCfg = Release|Win32
		{0215F340-8C69-48B0-8D19-88758740BC47}.Release|Win32.Build.0 = Release|Win32
		{E26A16FA-CFD6-4B0A-89DE-E6E3BB87E764}.Debug|Win32.ActiveCfg = Debug|Win32
		{E26A16FA-CFD6-4B0A-89DE-E6E3BB87E764}.Debug|Win32.Build.0 = Debug|Win32
		{E26A16FA-CFD6-4B0A-89DE-E6E3BB87E764}.Release|Win32.ActiveCfg = Release|Win32
		{E26A16FA-CFD6-4B0A-89DE-E6E3BB87E764}.Release|Win32.Build.0 = Release|Win32
		{4E31B684-7499-4688-A0A1-199CCAFBAB94}.Debug|Win32.ActiveCfg = Debug|Win32
		{4E31B684-7499-4688-A0A1-199CCAFBAB94}.Debug|Win32.Build.0 = Debug|Win32
		{4E31B684-7499-4688-A0A1-199CCAFBAB94}.Release|Win32.ActiveCfg = Release|Win32
		{4E31B684-7499-4688-A0A1-199CCAFBAB94}.Release|Win32.Build.0 = Release|Win32
		{F3F52407-AF2D-4B4A-AE92-B455037596FD}.Debug|Win32.ActiveCfg = Debug|Win32
		{F3F52407-AF2D-4B4A-AE92-B455037596FD}.Debug|Win32.Build.0 = Debug|Win32
		{F3F52407-AF2D-4B4A-AE92-B455037596FD}.Release|Win32.ActiveCfg = Release|Win32
		{F3F52407-AF2D-4B4A-AE92-B455037596FD}.Release|Win32.Build.0 = Release|Win32
	EndGlobalSection
	GlobalSection(SolutionProperties) = preSolution
		HideSolutionNode = FALSE
	EndGlobalSection
EndGlobal
