Microsoft Visual Studio Solution File, Format Version 8.00
Project("{8BC9CEB8-8B4A-11D0-8D11-00A0C91BC942}") = "doc", "doc\doc.vcproj", "{B611F981-1353-4B13-A6FE-695034268D72}"
	ProjectSection(ProjectDependencies) = postProject
	EndProjectSection
EndProject
Project("{8BC9CEB8-8B4A-11D0-8D11-00A0C91BC942}") = "34_departures_table", "src\main\34_departures_table\34_departures_table.vcproj", "{F3F52407-AF2D-4B4A-AE92-B455037596FD}"
	ProjectSection(ProjectDependencies) = postProject
	EndProjectSection
EndProject
Project("{8BC9CEB8-8B4A-11D0-8D11-00A0C91BC942}") = "01_util", "src\main\01_util\01_util.vcproj", "{266969BE-1E07-4C1B-ABFC-5193858D0B4B}"
	ProjectSection(ProjectDependencies) = postProject
	EndProjectSection
EndProject
Project("{8BC9CEB8-8B4A-11D0-8D11-00A0C91BC942}") = "15_env", "src\main\15_env\15_env.vcproj", "{DFDC896C-0867-4704-896B-43FDE04E3AA8}"
	ProjectSection(ProjectDependencies) = postProject
	EndProjectSection
EndProject
Project("{8BC9CEB8-8B4A-11D0-8D11-00A0C91BC942}") = "00_tcp", "src\main\00_tcp\00_tcp.vcproj", "{B611F981-1353-4B13-A6FE-695034268D72}"
	ProjectSection(ProjectDependencies) = postProject
	EndProjectSection
EndProject
Project("{8BC9CEB8-8B4A-11D0-8D11-00A0C91BC942}") = "11_interfaces", "src\main\11_interfaces\11_interfaces.vcproj", "{B611F981-1353-4B13-A6FE-695034268D72}"
	ProjectSection(ProjectDependencies) = postProject
	EndProjectSection
EndProject
Project("{8BC9CEB8-8B4A-11D0-8D11-00A0C91BC942}") = "03_db_grid", "src\main\03_db_grid\03_db_grid.vcproj", "{F3F52407-AF2D-4B4A-AE92-B455037596FD}"
	ProjectSection(ProjectDependencies) = postProject
	EndProjectSection
EndProject
Project("{8BC9CEB8-8B4A-11D0-8D11-00A0C91BC942}") = "04_time", "src\main\04_time\04_time.vcproj", "{BB6C0975-210C-4358-82B6-B39EC3EE1AD4}"
	ProjectSection(ProjectDependencies) = postProject
	EndProjectSection
EndProject
Project("{8BC9CEB8-8B4A-11D0-8D11-00A0C91BC942}") = "31_resa", "src\main\31_resa\31_resa.vcproj", "{F3F52407-AF2D-4B4A-AE92-B455037596FD}"
	ProjectSection(ProjectDependencies) = postProject
	EndProjectSection
EndProject
Project("{8BC9CEB8-8B4A-11D0-8D11-00A0C91BC942}") = "35_timetables", "src\main\35_timetables\35_timetables.vcproj", "{F3F52407-AF2D-4B4A-AE92-B455037596FD}"
	ProjectSection(ProjectDependencies) = postProject
	EndProjectSection
EndProject
Project("{8BC9CEB8-8B4A-11D0-8D11-00A0C91BC942}") = "07_lex_matcher", "src\main\07_lex_matcher\07_lex_matcher.vcproj", "{BB6C0975-210C-4358-82B6-B39EC3EE1AD4}"
	ProjectSection(ProjectDependencies) = postProject
	EndProjectSection
EndProject
Project("{8BC9CEB8-8B4A-11D0-8D11-00A0C91BC942}") = "01_util_test", "src\test\01_util\01_util_test.vcproj", "{E26A16FA-CFD6-4B0A-89DE-E6E3BB87E764}"
	ProjectSection(ProjectDependencies) = postProject
	EndProjectSection
EndProject
Project("{8BC9CEB8-8B4A-11D0-8D11-00A0C91BC942}") = "02_db", "src\main\02_db\02_db.vcproj", "{F3F52407-AF2D-4B4A-AE92-B455037596FD}"
	ProjectSection(ProjectDependencies) = postProject
	EndProjectSection
EndProject
Project("{8BC9CEB8-8B4A-11D0-8D11-00A0C91BC942}") = "33_route_planner", "src\main\33_route_planner\33_route_planner.vcproj", "{DCB40545-776B-4B6E-A050-D4A513880697}"
	ProjectSection(ProjectDependencies) = postProject
	EndProjectSection
EndProject
Project("{8BC9CEB8-8B4A-11D0-8D11-00A0C91BC942}") = "99_synthese_vinci", "src\main\99_synthese_vinci\99_synthese_vinci.vcproj", "{0215F340-8C69-48B0-8D19-88758740BC47}"
	ProjectSection(ProjectDependencies) = postProject
	EndProjectSection
EndProject
Project("{8BC9CEB8-8B4A-11D0-8D11-00A0C91BC942}") = "39_map", "src\main\39_map\39_map.vcproj", "{0215F340-8C69-48B0-8D19-88758740BC47}"
	ProjectSection(ProjectDependencies) = postProject
	EndProjectSection
EndProject
Project("{8BC9CEB8-8B4A-11D0-8D11-00A0C91BC942}") = "12_security", "src\main\12_security\12_security.vcproj", "{B611F981-1353-4B13-A6FE-695034268D72}"
	ProjectSection(ProjectDependencies) = postProject
	EndProjectSection
EndProject
Project("{8BC9CEB8-8B4A-11D0-8D11-00A0C91BC942}") = "91_cgi_client", "src\main\91_cgi_client\91_cgi_client.vcproj", "{31BF1D33-C513-4DCD-AFF7-1A513FE986B8}"
	ProjectSection(ProjectDependencies) = postProject
	EndProjectSection
EndProject
Project("{8BC9CEB8-8B4A-11D0-8D11-00A0C91BC942}") = "92 rs485_client", "src\main\92_rs485_client\92_rs485_client.vcproj", "{D3DCDED7-8AFB-4A7C-A421-5B2B6C36C5F7}"
	ProjectSection(ProjectDependencies) = postProject
	EndProjectSection
EndProject
Project("{8BC9CEB8-8B4A-11D0-8D11-00A0C91BC942}") = "30_server", "src\main\30_server\30_server.vcproj", "{E26A16FA-CFD6-4B0A-89DE-E6E3BB87E764}"
	ProjectSection(ProjectDependencies) = postProject
	EndProjectSection
EndProject
Project("{8BC9CEB8-8B4A-11D0-8D11-00A0C91BC942}") = "32_admin", "src\main\32_admin\32_admin.vcproj", "{B611F981-1353-4B13-A6FE-695034268D72}"
	ProjectSection(ProjectDependencies) = postProject
	EndProjectSection
EndProject
Project("{8BC9CEB8-8B4A-11D0-8D11-00A0C91BC942}") = "36_places_list", "src\main\36_places_list\36_places_list.vcproj", "{B611F981-1353-4B13-A6FE-695034268D72}"
	ProjectSection(ProjectDependencies) = postProject
	EndProjectSection
EndProject
Project("{8BC9CEB8-8B4A-11D0-8D11-00A0C91BC942}") = "00_tcp_test", "src\test\00_tcp\00_tcp_test.vcproj", "{E26A16FA-CFD6-4B0A-89DE-E6E3BB87E764}"
	ProjectSection(ProjectDependencies) = postProject
	EndProjectSection
EndProject
Project("{8BC9CEB8-8B4A-11D0-8D11-00A0C91BC942}") = "02_db_test", "src\test\02_db\02_db_test.vcproj", "{E26A16FA-CFD6-4B0A-89DE-E6E3BB87E764}"
	ProjectSection(ProjectDependencies) = postProject
	EndProjectSection
EndProject
Project("{8BC9CEB8-8B4A-11D0-8D11-00A0C91BC942}") = "71_vinci_bike_rental", "src\main\71_vinci_bike_rental\71_vinci_bike_rental.vcproj", "{F3F52407-AF2D-4B4A-AE92-B455037596FD}"
	ProjectSection(ProjectDependencies) = postProject
	EndProjectSection
EndProject
Project("{8BC9CEB8-8B4A-11D0-8D11-00A0C91BC942}") = "57_accounts", "src\main\57_accounting\57_accounting.vcproj", "{F3F52407-AF2D-4B4A-AE92-B455037596FD}"
	ProjectSection(ProjectDependencies) = postProject
	EndProjectSection
EndProject
Project("{8BC9CEB8-8B4A-11D0-8D11-00A0C91BC942}") = "17_messages", "src\main\17_messages\17_messages.vcproj", "{F3F52407-AF2D-4B4A-AE92-B455037596FD}"
	ProjectSection(ProjectDependencies) = postProject
	EndProjectSection
EndProject
Project("{8BC9CEB8-8B4A-11D0-8D11-00A0C91BC942}") = "98_synthese_sai", "src\main\98_synthese_sai\98_synthese_sai.vcproj", "{0215F340-8C69-48B0-8D19-88758740BC47}"
	ProjectSection(ProjectDependencies) = postProject
	EndProjectSection
EndProject
Project("{8BC9CEB8-8B4A-11D0-8D11-00A0C91BC942}") = "04_time_test", "src\test\04_time\04_time_test.vcproj", "{E26A16FA-CFD6-4B0A-89DE-E6E3BB87E764}"
	ProjectSection(ProjectDependencies) = postProject
	EndProjectSection
EndProject
Project("{8BC9CEB8-8B4A-11D0-8D11-00A0C91BC942}") = "13_dblog", "src\main\13_dblog\13_dblog.vcproj", "{B611F981-1353-4B13-A6FE-695034268D72}"
	ProjectSection(ProjectDependencies) = postProject
	EndProjectSection
EndProject
Project("{8BC9CEB8-8B4A-11D0-8D11-00A0C91BC942}") = "15_env_test", "src\test\15_env\15_env_test.vcproj", "{E26A16FA-CFD6-4B0A-89DE-E6E3BB87E764}"
	ProjectSection(ProjectDependencies) = postProject
	EndProjectSection
EndProject
Project("{8BC9CEB8-8B4A-11D0-8D11-00A0C91BC942}") = "synthese_template", "src\main\synthese_template\synthese_template.vcproj", "{0215F340-8C69-48B0-8D19-88758740BC47}"
	ProjectSection(ProjectDependencies) = postProject
	EndProjectSection
EndProject
Project("{8BC9CEB8-8B4A-11D0-8D11-00A0C91BC942}") = "97_synthese_refres", "src\main\97_synthese_refres\97_synthese_refres.vcproj", "{0215F340-8C69-48B0-8D19-88758740BC47}"
	ProjectSection(ProjectDependencies) = postProject
	EndProjectSection
EndProject
Global
	GlobalSection(SolutionConfiguration) = preSolution
		Debug = Debug
		Release = Release
	EndGlobalSection
	GlobalSection(ProjectConfiguration) = postSolution
		{B611F981-1353-4B13-A6FE-695034268D72}.Debug.ActiveCfg = Debug|Win32
		{B611F981-1353-4B13-A6FE-695034268D72}.Debug.Build.0 = Debug|Win32
		{B611F981-1353-4B13-A6FE-695034268D72}.Release.ActiveCfg = Release|Win32
		{B611F981-1353-4B13-A6FE-695034268D72}.Release.Build.0 = Release|Win32
		{F3F52407-AF2D-4B4A-AE92-B455037596FD}.Debug.ActiveCfg = Debug|Win32
		{F3F52407-AF2D-4B4A-AE92-B455037596FD}.Debug.Build.0 = Debug|Win32
		{F3F52407-AF2D-4B4A-AE92-B455037596FD}.Release.ActiveCfg = Release|Win32
		{F3F52407-AF2D-4B4A-AE92-B455037596FD}.Release.Build.0 = Release|Win32
		{266969BE-1E07-4C1B-ABFC-5193858D0B4B}.Debug.ActiveCfg = Debug|Win32
		{266969BE-1E07-4C1B-ABFC-5193858D0B4B}.Debug.Build.0 = Debug|Win32
		{266969BE-1E07-4C1B-ABFC-5193858D0B4B}.Release.ActiveCfg = Release|Win32
		{266969BE-1E07-4C1B-ABFC-5193858D0B4B}.Release.Build.0 = Release|Win32
		{DFDC896C-0867-4704-896B-43FDE04E3AA8}.Debug.ActiveCfg = Debug|Win32
		{DFDC896C-0867-4704-896B-43FDE04E3AA8}.Debug.Build.0 = Debug|Win32
		{DFDC896C-0867-4704-896B-43FDE04E3AA8}.Release.ActiveCfg = Release|Win32
		{DFDC896C-0867-4704-896B-43FDE04E3AA8}.Release.Build.0 = Release|Win32
		{B611F981-1353-4B13-A6FE-695034268D72}.Debug.ActiveCfg = Debug|Win32
		{B611F981-1353-4B13-A6FE-695034268D72}.Debug.Build.0 = Debug|Win32
		{B611F981-1353-4B13-A6FE-695034268D72}.Release.ActiveCfg = Release|Win32
		{B611F981-1353-4B13-A6FE-695034268D72}.Release.Build.0 = Release|Win32
		{B611F981-1353-4B13-A6FE-695034268D72}.Debug.ActiveCfg = Debug|Win32
		{B611F981-1353-4B13-A6FE-695034268D72}.Debug.Build.0 = Debug|Win32
		{B611F981-1353-4B13-A6FE-695034268D72}.Release.ActiveCfg = Release|Win32
		{B611F981-1353-4B13-A6FE-695034268D72}.Release.Build.0 = Release|Win32
		{F3F52407-AF2D-4B4A-AE92-B455037596FD}.Debug.ActiveCfg = Debug|Win32
		{F3F52407-AF2D-4B4A-AE92-B455037596FD}.Debug.Build.0 = Debug|Win32
		{F3F52407-AF2D-4B4A-AE92-B455037596FD}.Release.ActiveCfg = Release|Win32
		{F3F52407-AF2D-4B4A-AE92-B455037596FD}.Release.Build.0 = Release|Win32
		{BB6C0975-210C-4358-82B6-B39EC3EE1AD4}.Debug.ActiveCfg = Debug|Win32
		{BB6C0975-210C-4358-82B6-B39EC3EE1AD4}.Debug.Build.0 = Debug|Win32
		{BB6C0975-210C-4358-82B6-B39EC3EE1AD4}.Release.ActiveCfg = Release|Win32
		{BB6C0975-210C-4358-82B6-B39EC3EE1AD4}.Release.Build.0 = Release|Win32
		{F3F52407-AF2D-4B4A-AE92-B455037596FD}.Debug.ActiveCfg = Debug|Win32
		{F3F52407-AF2D-4B4A-AE92-B455037596FD}.Debug.Build.0 = Debug|Win32
		{F3F52407-AF2D-4B4A-AE92-B455037596FD}.Release.ActiveCfg = Release|Win32
		{F3F52407-AF2D-4B4A-AE92-B455037596FD}.Release.Build.0 = Release|Win32
		{F3F52407-AF2D-4B4A-AE92-B455037596FD}.Debug.ActiveCfg = Debug|Win32
		{F3F52407-AF2D-4B4A-AE92-B455037596FD}.Debug.Build.0 = Debug|Win32
		{F3F52407-AF2D-4B4A-AE92-B455037596FD}.Release.ActiveCfg = Release|Win32
		{F3F52407-AF2D-4B4A-AE92-B455037596FD}.Release.Build.0 = Release|Win32
		{BB6C0975-210C-4358-82B6-B39EC3EE1AD4}.Debug.ActiveCfg = Debug|Win32
		{BB6C0975-210C-4358-82B6-B39EC3EE1AD4}.Debug.Build.0 = Debug|Win32
		{BB6C0975-210C-4358-82B6-B39EC3EE1AD4}.Release.ActiveCfg = Release|Win32
		{BB6C0975-210C-4358-82B6-B39EC3EE1AD4}.Release.Build.0 = Release|Win32
		{E26A16FA-CFD6-4B0A-89DE-E6E3BB87E764}.Debug.ActiveCfg = Debug|Win32
		{E26A16FA-CFD6-4B0A-89DE-E6E3BB87E764}.Debug.Build.0 = Debug|Win32
		{E26A16FA-CFD6-4B0A-89DE-E6E3BB87E764}.Release.ActiveCfg = Release|Win32
		{E26A16FA-CFD6-4B0A-89DE-E6E3BB87E764}.Release.Build.0 = Release|Win32
		{F3F52407-AF2D-4B4A-AE92-B455037596FD}.Debug.ActiveCfg = Debug|Win32
		{F3F52407-AF2D-4B4A-AE92-B455037596FD}.Debug.Build.0 = Debug|Win32
		{F3F52407-AF2D-4B4A-AE92-B455037596FD}.Release.ActiveCfg = Release|Win32
		{F3F52407-AF2D-4B4A-AE92-B455037596FD}.Release.Build.0 = Release|Win32
		{DCB40545-776B-4B6E-A050-D4A513880697}.Debug.ActiveCfg = Debug|Win32
		{DCB40545-776B-4B6E-A050-D4A513880697}.Debug.Build.0 = Debug|Win32
		{DCB40545-776B-4B6E-A050-D4A513880697}.Release.ActiveCfg = Release|Win32
		{DCB40545-776B-4B6E-A050-D4A513880697}.Release.Build.0 = Release|Win32
		{0215F340-8C69-48B0-8D19-88758740BC47}.Debug.ActiveCfg = Debug|Win32
		{0215F340-8C69-48B0-8D19-88758740BC47}.Debug.Build.0 = Debug|Win32
		{0215F340-8C69-48B0-8D19-88758740BC47}.Release.ActiveCfg = Release|Win32
		{0215F340-8C69-48B0-8D19-88758740BC47}.Release.Build.0 = Release|Win32
		{0215F340-8C69-48B0-8D19-88758740BC47}.Debug.ActiveCfg = Debug|Win32
		{0215F340-8C69-48B0-8D19-88758740BC47}.Debug.Build.0 = Debug|Win32
		{0215F340-8C69-48B0-8D19-88758740BC47}.Release.ActiveCfg = Release|Win32
		{0215F340-8C69-48B0-8D19-88758740BC47}.Release.Build.0 = Release|Win32
		{B611F981-1353-4B13-A6FE-695034268D72}.Debug.ActiveCfg = Debug|Win32
		{B611F981-1353-4B13-A6FE-695034268D72}.Debug.Build.0 = Debug|Win32
		{B611F981-1353-4B13-A6FE-695034268D72}.Release.ActiveCfg = Release|Win32
		{B611F981-1353-4B13-A6FE-695034268D72}.Release.Build.0 = Release|Win32
		{31BF1D33-C513-4DCD-AFF7-1A513FE986B8}.Debug.ActiveCfg = Debug|Win32
		{31BF1D33-C513-4DCD-AFF7-1A513FE986B8}.Debug.Build.0 = Debug|Win32
		{31BF1D33-C513-4DCD-AFF7-1A513FE986B8}.Release.ActiveCfg = Release|Win32
		{31BF1D33-C513-4DCD-AFF7-1A513FE986B8}.Release.Build.0 = Release|Win32
		{D3DCDED7-8AFB-4A7C-A421-5B2B6C36C5F7}.Debug.ActiveCfg = Debug|Win32
		{D3DCDED7-8AFB-4A7C-A421-5B2B6C36C5F7}.Debug.Build.0 = Debug|Win32
		{D3DCDED7-8AFB-4A7C-A421-5B2B6C36C5F7}.Release.ActiveCfg = Release|Win32
		{D3DCDED7-8AFB-4A7C-A421-5B2B6C36C5F7}.Release.Build.0 = Release|Win32
		{E26A16FA-CFD6-4B0A-89DE-E6E3BB87E764}.Debug.ActiveCfg = Debug|Win32
		{E26A16FA-CFD6-4B0A-89DE-E6E3BB87E764}.Debug.Build.0 = Debug|Win32
		{E26A16FA-CFD6-4B0A-89DE-E6E3BB87E764}.Release.ActiveCfg = Release|Win32
		{E26A16FA-CFD6-4B0A-89DE-E6E3BB87E764}.Release.Build.0 = Release|Win32
		{B611F981-1353-4B13-A6FE-695034268D72}.Debug.ActiveCfg = Debug|Win32
		{B611F981-1353-4B13-A6FE-695034268D72}.Debug.Build.0 = Debug|Win32
		{B611F981-1353-4B13-A6FE-695034268D72}.Release.ActiveCfg = Release|Win32
		{B611F981-1353-4B13-A6FE-695034268D72}.Release.Build.0 = Release|Win32
		{B611F981-1353-4B13-A6FE-695034268D72}.Debug.ActiveCfg = Debug|Win32
		{B611F981-1353-4B13-A6FE-695034268D72}.Debug.Build.0 = Debug|Win32
		{B611F981-1353-4B13-A6FE-695034268D72}.Release.ActiveCfg = Release|Win32
		{B611F981-1353-4B13-A6FE-695034268D72}.Release.Build.0 = Release|Win32
		{E26A16FA-CFD6-4B0A-89DE-E6E3BB87E764}.Debug.ActiveCfg = Debug|Win32
		{E26A16FA-CFD6-4B0A-89DE-E6E3BB87E764}.Debug.Build.0 = Debug|Win32
		{E26A16FA-CFD6-4B0A-89DE-E6E3BB87E764}.Release.ActiveCfg = Release|Win32
		{E26A16FA-CFD6-4B0A-89DE-E6E3BB87E764}.Release.Build.0 = Release|Win32
		{E26A16FA-CFD6-4B0A-89DE-E6E3BB87E764}.Debug.ActiveCfg = Debug|Win32
		{E26A16FA-CFD6-4B0A-89DE-E6E3BB87E764}.Debug.Build.0 = Debug|Win32
		{E26A16FA-CFD6-4B0A-89DE-E6E3BB87E764}.Release.ActiveCfg = Release|Win32
		{E26A16FA-CFD6-4B0A-89DE-E6E3BB87E764}.Release.Build.0 = Release|Win32
		{F3F52407-AF2D-4B4A-AE92-B455037596FD}.Debug.ActiveCfg = Debug|Win32
		{F3F52407-AF2D-4B4A-AE92-B455037596FD}.Debug.Build.0 = Debug|Win32
		{F3F52407-AF2D-4B4A-AE92-B455037596FD}.Release.ActiveCfg = Release|Win32
		{F3F52407-AF2D-4B4A-AE92-B455037596FD}.Release.Build.0 = Release|Win32
		{F3F52407-AF2D-4B4A-AE92-B455037596FD}.Debug.ActiveCfg = Debug|Win32
		{F3F52407-AF2D-4B4A-AE92-B455037596FD}.Debug.Build.0 = Debug|Win32
		{F3F52407-AF2D-4B4A-AE92-B455037596FD}.Release.ActiveCfg = Release|Win32
		{F3F52407-AF2D-4B4A-AE92-B455037596FD}.Release.Build.0 = Release|Win32
		{F3F52407-AF2D-4B4A-AE92-B455037596FD}.Debug.ActiveCfg = Debug|Win32
		{F3F52407-AF2D-4B4A-AE92-B455037596FD}.Debug.Build.0 = Debug|Win32
		{F3F52407-AF2D-4B4A-AE92-B455037596FD}.Release.ActiveCfg = Release|Win32
		{F3F52407-AF2D-4B4A-AE92-B455037596FD}.Release.Build.0 = Release|Win32
		{0215F340-8C69-48B0-8D19-88758740BC47}.Debug.ActiveCfg = Debug|Win32
		{0215F340-8C69-48B0-8D19-88758740BC47}.Debug.Build.0 = Debug|Win32
		{0215F340-8C69-48B0-8D19-88758740BC47}.Release.ActiveCfg = Release|Win32
		{0215F340-8C69-48B0-8D19-88758740BC47}.Release.Build.0 = Release|Win32
		{E26A16FA-CFD6-4B0A-89DE-E6E3BB87E764}.Debug.ActiveCfg = Debug|Win32
		{E26A16FA-CFD6-4B0A-89DE-E6E3BB87E764}.Debug.Build.0 = Debug|Win32
		{E26A16FA-CFD6-4B0A-89DE-E6E3BB87E764}.Release.ActiveCfg = Release|Win32
		{E26A16FA-CFD6-4B0A-89DE-E6E3BB87E764}.Release.Build.0 = Release|Win32
		{B611F981-1353-4B13-A6FE-695034268D72}.Debug.ActiveCfg = Debug|Win32
		{B611F981-1353-4B13-A6FE-695034268D72}.Debug.Build.0 = Debug|Win32
		{B611F981-1353-4B13-A6FE-695034268D72}.Release.ActiveCfg = Release|Win32
		{B611F981-1353-4B13-A6FE-695034268D72}.Release.Build.0 = Release|Win32
		{E26A16FA-CFD6-4B0A-89DE-E6E3BB87E764}.Debug.ActiveCfg = Debug|Win32
		{E26A16FA-CFD6-4B0A-89DE-E6E3BB87E764}.Debug.Build.0 = Debug|Win32
		{E26A16FA-CFD6-4B0A-89DE-E6E3BB87E764}.Release.ActiveCfg = Release|Win32
		{E26A16FA-CFD6-4B0A-89DE-E6E3BB87E764}.Release.Build.0 = Release|Win32
		{0215F340-8C69-48B0-8D19-88758740BC47}.Debug.ActiveCfg = Debug|Win32
		{0215F340-8C69-48B0-8D19-88758740BC47}.Debug.Build.0 = Debug|Win32
		{0215F340-8C69-48B0-8D19-88758740BC47}.Release.ActiveCfg = Release|Win32
		{0215F340-8C69-48B0-8D19-88758740BC47}.Release.Build.0 = Release|Win32
		{0215F340-8C69-48B0-8D19-88758740BC47}.Debug.ActiveCfg = Debug|Win32
		{0215F340-8C69-48B0-8D19-88758740BC47}.Debug.Build.0 = Debug|Win32
		{0215F340-8C69-48B0-8D19-88758740BC47}.Release.ActiveCfg = Release|Win32
		{0215F340-8C69-48B0-8D19-88758740BC47}.Release.Build.0 = Release|Win32
	EndGlobalSection
	GlobalSection(SolutionItems) = postSolution
		SConstruct = SConstruct
		vsscons.bat = vsscons.bat
	EndGlobalSection
	GlobalSection(ExtensibilityGlobals) = postSolution
	EndGlobalSection
	GlobalSection(ExtensibilityAddIns) = postSolution
	EndGlobalSection
EndGlobal
