Microsoft Visual Studio Solution File, Format Version 9.00
# Visual Studio 2005
Project("{8BC9CEB8-8B4A-11D0-8D11-00A0C91BC942}") = "54_departures_table", "main\34_departures_table\34_departures_table.vcproj", "{F3F52407-AF2D-4B4A-AE92-B455037596FD}"
EndProject
Project("{8BC9CEB8-8B4A-11D0-8D11-00A0C91BC942}") = "01_util", "main\01_util\01_util.vcproj", "{266969BE-1E07-4C1B-ABFC-5193858D0B4B}"
EndProject
Project("{8BC9CEB8-8B4A-11D0-8D11-00A0C91BC942}") = "35_env", "main\15_env\15_env.vcproj", "{DFDC896C-0867-4704-896B-43FDE04E3AA8}"
EndProject
Project("{8BC9CEB8-8B4A-11D0-8D11-00A0C91BC942}") = "00_tcp", "main\00_tcp\00_tcp.vcproj", "{58065149-18AA-438D-81C4-2816E1C6EA99}"
EndProject
Project("{8BC9CEB8-8B4A-11D0-8D11-00A0C91BC942}") = "11_interfaces", "main\11_interfaces\11_interfaces.vcproj", "{066BE750-8DB3-4384-AC65-1F1C20F567F0}"
EndProject
Project("{8BC9CEB8-8B4A-11D0-8D11-00A0C91BC942}") = "04_time", "main\04_time\04_time.vcproj", "{BB6C0975-210C-4358-82B6-B39EC3EE1AD4}"
EndProject
Project("{8BC9CEB8-8B4A-11D0-8D11-00A0C91BC942}") = "31_resa", "main\31_resa\31_resa.vcproj", "{8F8F9564-B955-4459-B726-548BECDC4E2A}"
EndProject
Project("{8BC9CEB8-8B4A-11D0-8D11-00A0C91BC942}") = "55_timetables", "main\35_timetables\35_timetables.vcproj", "{796AD0E4-801D-4551-84CB-90C3AD6A97D0}"
EndProject
Project("{8BC9CEB8-8B4A-11D0-8D11-00A0C91BC942}") = "07_lex_matcher", "main\07_lex_matcher\07_lex_matcher.vcproj", "{623D048D-A499-44EB-A82C-556F02FD0D76}"
EndProject
Project("{8BC9CEB8-8B4A-11D0-8D11-00A0C91BC942}") = "01_util_test", "test\01_util\01_util_test.vcproj", "{E26A16FA-CFD6-4B0A-89DE-E6E3BB87E764}"
EndProject
Project("{8BC9CEB8-8B4A-11D0-8D11-00A0C91BC942}") = "10_db", "main\02_db\02_db.vcproj", "{F0BEDE6D-51E1-4226-9F5E-3D4A72BFE6F4}"
EndProject
Project("{8BC9CEB8-8B4A-11D0-8D11-00A0C91BC942}") = "53_route_planner", "main\33_route_planner\33_route_planner.vcproj", "{DCB40545-776B-4B6E-A050-D4A513880697}"
EndProject
Project("{8BC9CEB8-8B4A-11D0-8D11-00A0C91BC942}") = "59_map", "main\39_map\39_map.vcproj", "{C96EECCD-579E-41C2-ABB8-82E4CBF84290}"
EndProject
Project("{8BC9CEB8-8B4A-11D0-8D11-00A0C91BC942}") = "12_security", "main\12_security\12_security.vcproj", "{EE44C3FB-356B-4319-8226-F628696152EA}"
EndProject
Project("{8BC9CEB8-8B4A-11D0-8D11-00A0C91BC942}") = "18_server", "main\30_server\30_server.vcproj", "{01E44092-75D3-433D-988C-8B0BB7612AB8}"
EndProject
Project("{8BC9CEB8-8B4A-11D0-8D11-00A0C91BC942}") = "14_admin", "main\32_admin\32_admin.vcproj", "{299F3C8E-6980-42CD-93F3-675F76241B30}"
EndProject
Project("{8BC9CEB8-8B4A-11D0-8D11-00A0C91BC942}") = "36_transport_website", "main\36_places_list\36_places_list.vcproj", "{388CA45F-FEBF-4160-AAB7-39B11FA1E28C}"
EndProject
Project("{8BC9CEB8-8B4A-11D0-8D11-00A0C91BC942}") = "00_tcp_test", "test\00_tcp\00_tcp_test.vcproj", "{04EC8797-29FB-4912-833F-8D6D08846E00}"
EndProject
Project("{8BC9CEB8-8B4A-11D0-8D11-00A0C91BC942}") = "10_db_test", "test\02_db\02_db_test.vcproj", "{7D65F41B-4F6D-4B0F-B15C-F3796032D037}"
EndProject
Project("{8BC9CEB8-8B4A-11D0-8D11-00A0C91BC942}") = "71_vinci_bike_rental", "main\71_vinci_bike_rental\71_vinci_bike_rental.vcproj", "{D7FE3343-BC3C-4561-988A-C192B3F4CCA7}"
EndProject
Project("{8BC9CEB8-8B4A-11D0-8D11-00A0C91BC942}") = "37_accounting", "main\57_accounting\57_accounting.vcproj", "{2482F13A-2891-4A54-B969-BCE410593E00}"
EndProject
Project("{8BC9CEB8-8B4A-11D0-8D11-00A0C91BC942}") = "17_messages", "main\17_messages\17_messages.vcproj", "{956A4D91-FF39-422F-B767-2F9E425D0183}"
EndProject
Project("{8BC9CEB8-8B4A-11D0-8D11-00A0C91BC942}") = "04_time_test", "test\04_time\04_time_test.vcproj", "{A536438C-68D8-470F-9940-5245056B61C6}"
EndProject
Project("{8BC9CEB8-8B4A-11D0-8D11-00A0C91BC942}") = "13_dblog", "main\13_dblog\13_dblog.vcproj", "{875EB4D5-0C80-48B7-B5BA-15FC8C226AC2}"
EndProject
Project("{8BC9CEB8-8B4A-11D0-8D11-00A0C91BC942}") = "35_env_test", "test\15_env\15_env_test.vcproj", "{7581D48A-170D-41FB-B6D1-C846F78CD414}"
EndProject
Project("{2150E333-8FDC-42A3-9474-1A3956D46DE8}") = "Solution Items", "Solution Items", "{2E205A5F-661E-4173-A8EE-A6D6BBAD8797}"
	ProjectSection(SolutionItems) = preProject
		..\SConstruct = ..\SConstruct
		..\resources\test\test_transport_network.sql = ..\resources\test\test_transport_network.sql
	EndProjectSection
EndProject
Project("{8BC9CEB8-8B4A-11D0-8D11-00A0C91BC942}") = "05_html", "main\05_html\05_html.vcproj", "{9AB2D3DE-F6FE-4856-97E2-5268D3D5FF12}"
EndProject
Project("{8BC9CEB8-8B4A-11D0-8D11-00A0C91BC942}") = "101_db_ring", "main\03_db_ring\03_db_ring.vcproj", "{0ED914AC-1C44-49AF-8034-260628622ECC}"
EndProject
Project("{8BC9CEB8-8B4A-11D0-8D11-00A0C91BC942}") = "09_geography", "main\14_geography\14_geography.vcproj", "{9DB64101-C8A0-4275-89E1-529199D1EA73}"
EndProject
Project("{8BC9CEB8-8B4A-11D0-8D11-00A0C91BC942}") = "06_geometry", "main\06_geometry\06_geometry.vcproj", "{1FEE17FB-95D3-41DD-A212-BB6209C7A359}"
EndProject
Project("{8BC9CEB8-8B4A-11D0-8D11-00A0C91BC942}") = "16_impex", "main\16_impex\16_impex.vcproj", "{A1889BF3-A506-403F-A5D8-58A9EDF31BDB}"
EndProject
Project("{8BC9CEB8-8B4A-11D0-8D11-00A0C91BC942}") = "doc", "doc\doc.vcproj", "{B611F981-1353-4B13-A6FE-695034268D72}"
EndProject
Project("{8BC9CEB8-8B4A-11D0-8D11-00A0C91BC942}") = "98_synthese_sai", "main\programs\synthese_sai\98_synthese_sai.vcproj", "{0CBE6173-0885-47FE-9E36-2F20BD5365DD}"
EndProject
Project("{8BC9CEB8-8B4A-11D0-8D11-00A0C91BC942}") = "synthese_template", "main\programs\synthese_template\synthese_template.vcproj", "{46231469-A01B-45F6-A3FC-7E92114C69C2}"
EndProject
Project("{8BC9CEB8-8B4A-11D0-8D11-00A0C91BC942}") = "92 rs485_client", "main\programs\rs485_client\92_rs485_client.vcproj", "{D3DCDED7-8AFB-4A7C-A421-5B2B6C36C5F7}"
EndProject
Project("{8BC9CEB8-8B4A-11D0-8D11-00A0C91BC942}") = "test", "main\programs\test\test.vcproj", "{80E78FA1-9305-47DA-9196-8D2FB9FCBE7A}"
EndProject
Project("{8BC9CEB8-8B4A-11D0-8D11-00A0C91BC942}") = "91_cgi_client", "main\programs\cgi_client\91_cgi_client.vcproj", "{31BF1D33-C513-4DCD-AFF7-1A513FE986B8}"
EndProject
Global
	GlobalSection(SolutionConfigurationPlatforms) = preSolution
		CCCC|Win32 = CCCC|Win32
		Debug|Win32 = Debug|Win32
		Release|Win32 = Release|Win32
	EndGlobalSection
	GlobalSection(ProjectConfigurationPlatforms) = postSolution
		{F3F52407-AF2D-4B4A-AE92-B455037596FD}.CCCC|Win32.ActiveCfg = Release|Win32
		{F3F52407-AF2D-4B4A-AE92-B455037596FD}.CCCC|Win32.Build.0 = Release|Win32
		{F3F52407-AF2D-4B4A-AE92-B455037596FD}.Debug|Win32.ActiveCfg = Debug|Win32
		{F3F52407-AF2D-4B4A-AE92-B455037596FD}.Debug|Win32.Build.0 = Debug|Win32
		{F3F52407-AF2D-4B4A-AE92-B455037596FD}.Release|Win32.ActiveCfg = Debug|Win32
		{F3F52407-AF2D-4B4A-AE92-B455037596FD}.Release|Win32.Build.0 = Debug|Win32
		{266969BE-1E07-4C1B-ABFC-5193858D0B4B}.CCCC|Win32.ActiveCfg = Release|Win32
		{266969BE-1E07-4C1B-ABFC-5193858D0B4B}.CCCC|Win32.Build.0 = Release|Win32
		{266969BE-1E07-4C1B-ABFC-5193858D0B4B}.Debug|Win32.ActiveCfg = Debug|Win32
		{266969BE-1E07-4C1B-ABFC-5193858D0B4B}.Debug|Win32.Build.0 = Debug|Win32
		{266969BE-1E07-4C1B-ABFC-5193858D0B4B}.Release|Win32.ActiveCfg = Release|Win32
		{266969BE-1E07-4C1B-ABFC-5193858D0B4B}.Release|Win32.Build.0 = Release|Win32
		{DFDC896C-0867-4704-896B-43FDE04E3AA8}.CCCC|Win32.ActiveCfg = Release|Win32
		{DFDC896C-0867-4704-896B-43FDE04E3AA8}.CCCC|Win32.Build.0 = Release|Win32
		{DFDC896C-0867-4704-896B-43FDE04E3AA8}.Debug|Win32.ActiveCfg = Debug|Win32
		{DFDC896C-0867-4704-896B-43FDE04E3AA8}.Debug|Win32.Build.0 = Debug|Win32
		{DFDC896C-0867-4704-896B-43FDE04E3AA8}.Release|Win32.ActiveCfg = Release|Win32
		{DFDC896C-0867-4704-896B-43FDE04E3AA8}.Release|Win32.Build.0 = Release|Win32
		{58065149-18AA-438D-81C4-2816E1C6EA99}.CCCC|Win32.ActiveCfg = Release|Win32
		{58065149-18AA-438D-81C4-2816E1C6EA99}.CCCC|Win32.Build.0 = Release|Win32
		{58065149-18AA-438D-81C4-2816E1C6EA99}.Debug|Win32.ActiveCfg = Debug|Win32
		{58065149-18AA-438D-81C4-2816E1C6EA99}.Debug|Win32.Build.0 = Debug|Win32
		{58065149-18AA-438D-81C4-2816E1C6EA99}.Release|Win32.ActiveCfg = Release|Win32
		{58065149-18AA-438D-81C4-2816E1C6EA99}.Release|Win32.Build.0 = Release|Win32
		{066BE750-8DB3-4384-AC65-1F1C20F567F0}.CCCC|Win32.ActiveCfg = Release|Win32
		{066BE750-8DB3-4384-AC65-1F1C20F567F0}.CCCC|Win32.Build.0 = Release|Win32
		{066BE750-8DB3-4384-AC65-1F1C20F567F0}.Debug|Win32.ActiveCfg = Debug|Win32
		{066BE750-8DB3-4384-AC65-1F1C20F567F0}.Debug|Win32.Build.0 = Debug|Win32
		{066BE750-8DB3-4384-AC65-1F1C20F567F0}.Release|Win32.ActiveCfg = Release|Win32
		{066BE750-8DB3-4384-AC65-1F1C20F567F0}.Release|Win32.Build.0 = Release|Win32
		{BB6C0975-210C-4358-82B6-B39EC3EE1AD4}.CCCC|Win32.ActiveCfg = Release|Win32
		{BB6C0975-210C-4358-82B6-B39EC3EE1AD4}.CCCC|Win32.Build.0 = Release|Win32
		{BB6C0975-210C-4358-82B6-B39EC3EE1AD4}.Debug|Win32.ActiveCfg = Debug|Win32
		{BB6C0975-210C-4358-82B6-B39EC3EE1AD4}.Debug|Win32.Build.0 = Debug|Win32
		{BB6C0975-210C-4358-82B6-B39EC3EE1AD4}.Release|Win32.ActiveCfg = Release|Win32
		{BB6C0975-210C-4358-82B6-B39EC3EE1AD4}.Release|Win32.Build.0 = Release|Win32
		{8F8F9564-B955-4459-B726-548BECDC4E2A}.CCCC|Win32.ActiveCfg = Release|Win32
		{8F8F9564-B955-4459-B726-548BECDC4E2A}.CCCC|Win32.Build.0 = Release|Win32
		{8F8F9564-B955-4459-B726-548BECDC4E2A}.Debug|Win32.ActiveCfg = Debug|Win32
		{8F8F9564-B955-4459-B726-548BECDC4E2A}.Debug|Win32.Build.0 = Debug|Win32
		{8F8F9564-B955-4459-B726-548BECDC4E2A}.Release|Win32.ActiveCfg = Release|Win32
		{8F8F9564-B955-4459-B726-548BECDC4E2A}.Release|Win32.Build.0 = Release|Win32
		{796AD0E4-801D-4551-84CB-90C3AD6A97D0}.CCCC|Win32.ActiveCfg = Release|Win32
		{796AD0E4-801D-4551-84CB-90C3AD6A97D0}.CCCC|Win32.Build.0 = Release|Win32
		{796AD0E4-801D-4551-84CB-90C3AD6A97D0}.Debug|Win32.ActiveCfg = Debug|Win32
		{796AD0E4-801D-4551-84CB-90C3AD6A97D0}.Debug|Win32.Build.0 = Debug|Win32
		{796AD0E4-801D-4551-84CB-90C3AD6A97D0}.Release|Win32.ActiveCfg = Debug|Win32
		{796AD0E4-801D-4551-84CB-90C3AD6A97D0}.Release|Win32.Build.0 = Debug|Win32
		{623D048D-A499-44EB-A82C-556F02FD0D76}.CCCC|Win32.ActiveCfg = Release|Win32
		{623D048D-A499-44EB-A82C-556F02FD0D76}.CCCC|Win32.Build.0 = Release|Win32
		{623D048D-A499-44EB-A82C-556F02FD0D76}.Debug|Win32.ActiveCfg = Debug|Win32
		{623D048D-A499-44EB-A82C-556F02FD0D76}.Debug|Win32.Build.0 = Debug|Win32
		{623D048D-A499-44EB-A82C-556F02FD0D76}.Release|Win32.ActiveCfg = Release|Win32
		{623D048D-A499-44EB-A82C-556F02FD0D76}.Release|Win32.Build.0 = Release|Win32
		{E26A16FA-CFD6-4B0A-89DE-E6E3BB87E764}.CCCC|Win32.ActiveCfg = Release|Win32
		{E26A16FA-CFD6-4B0A-89DE-E6E3BB87E764}.CCCC|Win32.Build.0 = Release|Win32
		{E26A16FA-CFD6-4B0A-89DE-E6E3BB87E764}.Debug|Win32.ActiveCfg = Debug|Win32
		{E26A16FA-CFD6-4B0A-89DE-E6E3BB87E764}.Debug|Win32.Build.0 = Debug|Win32
		{E26A16FA-CFD6-4B0A-89DE-E6E3BB87E764}.Release|Win32.ActiveCfg = Release|Win32
		{E26A16FA-CFD6-4B0A-89DE-E6E3BB87E764}.Release|Win32.Build.0 = Release|Win32
		{F0BEDE6D-51E1-4226-9F5E-3D4A72BFE6F4}.CCCC|Win32.ActiveCfg = Release|Win32
		{F0BEDE6D-51E1-4226-9F5E-3D4A72BFE6F4}.CCCC|Win32.Build.0 = Release|Win32
		{F0BEDE6D-51E1-4226-9F5E-3D4A72BFE6F4}.Debug|Win32.ActiveCfg = Debug|Win32
		{F0BEDE6D-51E1-4226-9F5E-3D4A72BFE6F4}.Debug|Win32.Build.0 = Debug|Win32
		{F0BEDE6D-51E1-4226-9F5E-3D4A72BFE6F4}.Release|Win32.ActiveCfg = Release|Win32
		{F0BEDE6D-51E1-4226-9F5E-3D4A72BFE6F4}.Release|Win32.Build.0 = Release|Win32
		{DCB40545-776B-4B6E-A050-D4A513880697}.CCCC|Win32.ActiveCfg = Release|Win32
		{DCB40545-776B-4B6E-A050-D4A513880697}.CCCC|Win32.Build.0 = Release|Win32
		{DCB40545-776B-4B6E-A050-D4A513880697}.Debug|Win32.ActiveCfg = Debug|Win32
		{DCB40545-776B-4B6E-A050-D4A513880697}.Debug|Win32.Build.0 = Debug|Win32
		{DCB40545-776B-4B6E-A050-D4A513880697}.Release|Win32.ActiveCfg = Release|Win32
		{DCB40545-776B-4B6E-A050-D4A513880697}.Release|Win32.Build.0 = Release|Win32
		{C96EECCD-579E-41C2-ABB8-82E4CBF84290}.CCCC|Win32.ActiveCfg = Release|Win32
		{C96EECCD-579E-41C2-ABB8-82E4CBF84290}.CCCC|Win32.Build.0 = Release|Win32
		{C96EECCD-579E-41C2-ABB8-82E4CBF84290}.Debug|Win32.ActiveCfg = Debug|Win32
		{C96EECCD-579E-41C2-ABB8-82E4CBF84290}.Debug|Win32.Build.0 = Debug|Win32
		{C96EECCD-579E-41C2-ABB8-82E4CBF84290}.Release|Win32.ActiveCfg = Debug|Win32
		{C96EECCD-579E-41C2-ABB8-82E4CBF84290}.Release|Win32.Build.0 = Debug|Win32
		{EE44C3FB-356B-4319-8226-F628696152EA}.CCCC|Win32.ActiveCfg = Release|Win32
		{EE44C3FB-356B-4319-8226-F628696152EA}.CCCC|Win32.Build.0 = Release|Win32
		{EE44C3FB-356B-4319-8226-F628696152EA}.Debug|Win32.ActiveCfg = Debug|Win32
		{EE44C3FB-356B-4319-8226-F628696152EA}.Debug|Win32.Build.0 = Debug|Win32
		{EE44C3FB-356B-4319-8226-F628696152EA}.Release|Win32.ActiveCfg = Release|Win32
		{EE44C3FB-356B-4319-8226-F628696152EA}.Release|Win32.Build.0 = Release|Win32
		{01E44092-75D3-433D-988C-8B0BB7612AB8}.CCCC|Win32.ActiveCfg = Release|Win32
		{01E44092-75D3-433D-988C-8B0BB7612AB8}.CCCC|Win32.Build.0 = Release|Win32
		{01E44092-75D3-433D-988C-8B0BB7612AB8}.Debug|Win32.ActiveCfg = Debug|Win32
		{01E44092-75D3-433D-988C-8B0BB7612AB8}.Debug|Win32.Build.0 = Debug|Win32
		{01E44092-75D3-433D-988C-8B0BB7612AB8}.Release|Win32.ActiveCfg = Release|Win32
		{01E44092-75D3-433D-988C-8B0BB7612AB8}.Release|Win32.Build.0 = Release|Win32
		{299F3C8E-6980-42CD-93F3-675F76241B30}.CCCC|Win32.ActiveCfg = Release|Win32
		{299F3C8E-6980-42CD-93F3-675F76241B30}.CCCC|Win32.Build.0 = Release|Win32
		{299F3C8E-6980-42CD-93F3-675F76241B30}.Debug|Win32.ActiveCfg = Debug|Win32
		{299F3C8E-6980-42CD-93F3-675F76241B30}.Debug|Win32.Build.0 = Debug|Win32
		{299F3C8E-6980-42CD-93F3-675F76241B30}.Release|Win32.ActiveCfg = Release|Win32
		{299F3C8E-6980-42CD-93F3-675F76241B30}.Release|Win32.Build.0 = Release|Win32
		{388CA45F-FEBF-4160-AAB7-39B11FA1E28C}.CCCC|Win32.ActiveCfg = Release|Win32
		{388CA45F-FEBF-4160-AAB7-39B11FA1E28C}.CCCC|Win32.Build.0 = Release|Win32
		{388CA45F-FEBF-4160-AAB7-39B11FA1E28C}.Debug|Win32.ActiveCfg = Debug|Win32
		{388CA45F-FEBF-4160-AAB7-39B11FA1E28C}.Debug|Win32.Build.0 = Debug|Win32
		{388CA45F-FEBF-4160-AAB7-39B11FA1E28C}.Release|Win32.ActiveCfg = Release|Win32
		{388CA45F-FEBF-4160-AAB7-39B11FA1E28C}.Release|Win32.Build.0 = Release|Win32
		{04EC8797-29FB-4912-833F-8D6D08846E00}.CCCC|Win32.ActiveCfg = Release|Win32
		{04EC8797-29FB-4912-833F-8D6D08846E00}.CCCC|Win32.Build.0 = Release|Win32
		{04EC8797-29FB-4912-833F-8D6D08846E00}.Debug|Win32.ActiveCfg = Debug|Win32
		{04EC8797-29FB-4912-833F-8D6D08846E00}.Debug|Win32.Build.0 = Debug|Win32
		{04EC8797-29FB-4912-833F-8D6D08846E00}.Release|Win32.ActiveCfg = Release|Win32
		{04EC8797-29FB-4912-833F-8D6D08846E00}.Release|Win32.Build.0 = Release|Win32
		{7D65F41B-4F6D-4B0F-B15C-F3796032D037}.CCCC|Win32.ActiveCfg = Release|Win32
		{7D65F41B-4F6D-4B0F-B15C-F3796032D037}.CCCC|Win32.Build.0 = Release|Win32
		{7D65F41B-4F6D-4B0F-B15C-F3796032D037}.Debug|Win32.ActiveCfg = Debug|Win32
		{7D65F41B-4F6D-4B0F-B15C-F3796032D037}.Debug|Win32.Build.0 = Debug|Win32
		{7D65F41B-4F6D-4B0F-B15C-F3796032D037}.Release|Win32.ActiveCfg = Release|Win32
		{7D65F41B-4F6D-4B0F-B15C-F3796032D037}.Release|Win32.Build.0 = Release|Win32
		{D7FE3343-BC3C-4561-988A-C192B3F4CCA7}.CCCC|Win32.ActiveCfg = Release|Win32
		{D7FE3343-BC3C-4561-988A-C192B3F4CCA7}.CCCC|Win32.Build.0 = Release|Win32
		{D7FE3343-BC3C-4561-988A-C192B3F4CCA7}.Debug|Win32.ActiveCfg = Debug|Win32
		{D7FE3343-BC3C-4561-988A-C192B3F4CCA7}.Debug|Win32.Build.0 = Debug|Win32
		{D7FE3343-BC3C-4561-988A-C192B3F4CCA7}.Release|Win32.ActiveCfg = Debug|Win32
		{D7FE3343-BC3C-4561-988A-C192B3F4CCA7}.Release|Win32.Build.0 = Debug|Win32
		{2482F13A-2891-4A54-B969-BCE410593E00}.CCCC|Win32.ActiveCfg = Release|Win32
		{2482F13A-2891-4A54-B969-BCE410593E00}.CCCC|Win32.Build.0 = Release|Win32
		{2482F13A-2891-4A54-B969-BCE410593E00}.Debug|Win32.ActiveCfg = Debug|Win32
		{2482F13A-2891-4A54-B969-BCE410593E00}.Debug|Win32.Build.0 = Debug|Win32
		{2482F13A-2891-4A54-B969-BCE410593E00}.Release|Win32.ActiveCfg = Release|Win32
		{2482F13A-2891-4A54-B969-BCE410593E00}.Release|Win32.Build.0 = Release|Win32
		{956A4D91-FF39-422F-B767-2F9E425D0183}.CCCC|Win32.ActiveCfg = Release|Win32
		{956A4D91-FF39-422F-B767-2F9E425D0183}.CCCC|Win32.Build.0 = Release|Win32
		{956A4D91-FF39-422F-B767-2F9E425D0183}.Debug|Win32.ActiveCfg = Debug|Win32
		{956A4D91-FF39-422F-B767-2F9E425D0183}.Debug|Win32.Build.0 = Debug|Win32
		{956A4D91-FF39-422F-B767-2F9E425D0183}.Release|Win32.ActiveCfg = Release|Win32
		{956A4D91-FF39-422F-B767-2F9E425D0183}.Release|Win32.Build.0 = Release|Win32
		{A536438C-68D8-470F-9940-5245056B61C6}.CCCC|Win32.ActiveCfg = Release|Win32
		{A536438C-68D8-470F-9940-5245056B61C6}.CCCC|Win32.Build.0 = Release|Win32
		{A536438C-68D8-470F-9940-5245056B61C6}.Debug|Win32.ActiveCfg = Debug|Win32
		{A536438C-68D8-470F-9940-5245056B61C6}.Debug|Win32.Build.0 = Debug|Win32
		{A536438C-68D8-470F-9940-5245056B61C6}.Release|Win32.ActiveCfg = Release|Win32
		{A536438C-68D8-470F-9940-5245056B61C6}.Release|Win32.Build.0 = Release|Win32
		{875EB4D5-0C80-48B7-B5BA-15FC8C226AC2}.CCCC|Win32.ActiveCfg = Release|Win32
		{875EB4D5-0C80-48B7-B5BA-15FC8C226AC2}.CCCC|Win32.Build.0 = Release|Win32
		{875EB4D5-0C80-48B7-B5BA-15FC8C226AC2}.Debug|Win32.ActiveCfg = Debug|Win32
		{875EB4D5-0C80-48B7-B5BA-15FC8C226AC2}.Debug|Win32.Build.0 = Debug|Win32
		{875EB4D5-0C80-48B7-B5BA-15FC8C226AC2}.Release|Win32.ActiveCfg = Release|Win32
		{875EB4D5-0C80-48B7-B5BA-15FC8C226AC2}.Release|Win32.Build.0 = Release|Win32
		{7581D48A-170D-41FB-B6D1-C846F78CD414}.CCCC|Win32.ActiveCfg = Release|Win32
		{7581D48A-170D-41FB-B6D1-C846F78CD414}.CCCC|Win32.Build.0 = Release|Win32
		{7581D48A-170D-41FB-B6D1-C846F78CD414}.Debug|Win32.ActiveCfg = Debug|Win32
		{7581D48A-170D-41FB-B6D1-C846F78CD414}.Debug|Win32.Build.0 = Debug|Win32
		{7581D48A-170D-41FB-B6D1-C846F78CD414}.Release|Win32.ActiveCfg = Release|Win32
		{7581D48A-170D-41FB-B6D1-C846F78CD414}.Release|Win32.Build.0 = Release|Win32
		{9AB2D3DE-F6FE-4856-97E2-5268D3D5FF12}.CCCC|Win32.ActiveCfg = Release|Win32
		{9AB2D3DE-F6FE-4856-97E2-5268D3D5FF12}.CCCC|Win32.Build.0 = Release|Win32
		{9AB2D3DE-F6FE-4856-97E2-5268D3D5FF12}.Debug|Win32.ActiveCfg = Debug|Win32
		{9AB2D3DE-F6FE-4856-97E2-5268D3D5FF12}.Debug|Win32.Build.0 = Debug|Win32
		{9AB2D3DE-F6FE-4856-97E2-5268D3D5FF12}.Release|Win32.ActiveCfg = Release|Win32
		{9AB2D3DE-F6FE-4856-97E2-5268D3D5FF12}.Release|Win32.Build.0 = Release|Win32
		{0ED914AC-1C44-49AF-8034-260628622ECC}.CCCC|Win32.ActiveCfg = Release|Win32
		{0ED914AC-1C44-49AF-8034-260628622ECC}.CCCC|Win32.Build.0 = Release|Win32
		{0ED914AC-1C44-49AF-8034-260628622ECC}.Debug|Win32.ActiveCfg = Debug|Win32
		{0ED914AC-1C44-49AF-8034-260628622ECC}.Debug|Win32.Build.0 = Debug|Win32
		{0ED914AC-1C44-49AF-8034-260628622ECC}.Release|Win32.ActiveCfg = Release|Win32
		{0ED914AC-1C44-49AF-8034-260628622ECC}.Release|Win32.Build.0 = Release|Win32
		{9DB64101-C8A0-4275-89E1-529199D1EA73}.CCCC|Win32.ActiveCfg = Release|Win32
		{9DB64101-C8A0-4275-89E1-529199D1EA73}.CCCC|Win32.Build.0 = Release|Win32
		{9DB64101-C8A0-4275-89E1-529199D1EA73}.Debug|Win32.ActiveCfg = Debug|Win32
		{9DB64101-C8A0-4275-89E1-529199D1EA73}.Debug|Win32.Build.0 = Debug|Win32
		{9DB64101-C8A0-4275-89E1-529199D1EA73}.Release|Win32.ActiveCfg = Release|Win32
		{9DB64101-C8A0-4275-89E1-529199D1EA73}.Release|Win32.Build.0 = Release|Win32
		{1FEE17FB-95D3-41DD-A212-BB6209C7A359}.CCCC|Win32.ActiveCfg = Release|Win32
		{1FEE17FB-95D3-41DD-A212-BB6209C7A359}.CCCC|Win32.Build.0 = Release|Win32
		{1FEE17FB-95D3-41DD-A212-BB6209C7A359}.Debug|Win32.ActiveCfg = Debug|Win32
		{1FEE17FB-95D3-41DD-A212-BB6209C7A359}.Debug|Win32.Build.0 = Debug|Win32
		{1FEE17FB-95D3-41DD-A212-BB6209C7A359}.Release|Win32.ActiveCfg = Release|Win32
		{1FEE17FB-95D3-41DD-A212-BB6209C7A359}.Release|Win32.Build.0 = Release|Win32
		{A1889BF3-A506-403F-A5D8-58A9EDF31BDB}.CCCC|Win32.ActiveCfg = Release|Win32
		{A1889BF3-A506-403F-A5D8-58A9EDF31BDB}.CCCC|Win32.Build.0 = Release|Win32
		{A1889BF3-A506-403F-A5D8-58A9EDF31BDB}.Debug|Win32.ActiveCfg = Debug|Win32
		{A1889BF3-A506-403F-A5D8-58A9EDF31BDB}.Debug|Win32.Build.0 = Debug|Win32
		{A1889BF3-A506-403F-A5D8-58A9EDF31BDB}.Release|Win32.ActiveCfg = Release|Win32
		{A1889BF3-A506-403F-A5D8-58A9EDF31BDB}.Release|Win32.Build.0 = Release|Win32
		{B611F981-1353-4B13-A6FE-695034268D72}.CCCC|Win32.ActiveCfg = CCCC|Win32
		{B611F981-1353-4B13-A6FE-695034268D72}.CCCC|Win32.Build.0 = CCCC|Win32
		{B611F981-1353-4B13-A6FE-695034268D72}.Debug|Win32.ActiveCfg = CCCC|Win32
		{B611F981-1353-4B13-A6FE-695034268D72}.Debug|Win32.Build.0 = CCCC|Win32
		{B611F981-1353-4B13-A6FE-695034268D72}.Release|Win32.ActiveCfg = CCCC|Win32
		{B611F981-1353-4B13-A6FE-695034268D72}.Release|Win32.Build.0 = CCCC|Win32
		{0CBE6173-0885-47FE-9E36-2F20BD5365DD}.CCCC|Win32.ActiveCfg = Release|Win32
		{0CBE6173-0885-47FE-9E36-2F20BD5365DD}.CCCC|Win32.Build.0 = Release|Win32
		{0CBE6173-0885-47FE-9E36-2F20BD5365DD}.Debug|Win32.ActiveCfg = Debug|Win32
		{0CBE6173-0885-47FE-9E36-2F20BD5365DD}.Debug|Win32.Build.0 = Debug|Win32
		{0CBE6173-0885-47FE-9E36-2F20BD5365DD}.Release|Win32.ActiveCfg = Release|Win32
		{0CBE6173-0885-47FE-9E36-2F20BD5365DD}.Release|Win32.Build.0 = Release|Win32
		{46231469-A01B-45F6-A3FC-7E92114C69C2}.CCCC|Win32.ActiveCfg = Release|Win32
		{46231469-A01B-45F6-A3FC-7E92114C69C2}.CCCC|Win32.Build.0 = Release|Win32
		{46231469-A01B-45F6-A3FC-7E92114C69C2}.Debug|Win32.ActiveCfg = Debug|Win32
		{46231469-A01B-45F6-A3FC-7E92114C69C2}.Debug|Win32.Build.0 = Debug|Win32
		{46231469-A01B-45F6-A3FC-7E92114C69C2}.Release|Win32.ActiveCfg = Release|Win32
		{46231469-A01B-45F6-A3FC-7E92114C69C2}.Release|Win32.Build.0 = Release|Win32
		{D3DCDED7-8AFB-4A7C-A421-5B2B6C36C5F7}.CCCC|Win32.ActiveCfg = Release|Win32
		{D3DCDED7-8AFB-4A7C-A421-5B2B6C36C5F7}.CCCC|Win32.Build.0 = Release|Win32
		{D3DCDED7-8AFB-4A7C-A421-5B2B6C36C5F7}.Debug|Win32.ActiveCfg = Debug|Win32
		{D3DCDED7-8AFB-4A7C-A421-5B2B6C36C5F7}.Debug|Win32.Build.0 = Debug|Win32
		{D3DCDED7-8AFB-4A7C-A421-5B2B6C36C5F7}.Release|Win32.ActiveCfg = Release|Win32
		{D3DCDED7-8AFB-4A7C-A421-5B2B6C36C5F7}.Release|Win32.Build.0 = Release|Win32
		{80E78FA1-9305-47DA-9196-8D2FB9FCBE7A}.CCCC|Win32.ActiveCfg = Release|Win32
		{80E78FA1-9305-47DA-9196-8D2FB9FCBE7A}.CCCC|Win32.Build.0 = Release|Win32
		{80E78FA1-9305-47DA-9196-8D2FB9FCBE7A}.Debug|Win32.ActiveCfg = Debug|Win32
		{80E78FA1-9305-47DA-9196-8D2FB9FCBE7A}.Debug|Win32.Build.0 = Debug|Win32
		{80E78FA1-9305-47DA-9196-8D2FB9FCBE7A}.Release|Win32.ActiveCfg = Release|Win32
		{80E78FA1-9305-47DA-9196-8D2FB9FCBE7A}.Release|Win32.Build.0 = Release|Win32
		{31BF1D33-C513-4DCD-AFF7-1A513FE986B8}.CCCC|Win32.ActiveCfg = Release|Win32
		{31BF1D33-C513-4DCD-AFF7-1A513FE986B8}.CCCC|Win32.Build.0 = Release|Win32
		{31BF1D33-C513-4DCD-AFF7-1A513FE986B8}.Debug|Win32.ActiveCfg = Debug|Win32
		{31BF1D33-C513-4DCD-AFF7-1A513FE986B8}.Debug|Win32.Build.0 = Debug|Win32
		{31BF1D33-C513-4DCD-AFF7-1A513FE986B8}.Release|Win32.ActiveCfg = Release|Win32
		{31BF1D33-C513-4DCD-AFF7-1A513FE986B8}.Release|Win32.Build.0 = Release|Win32
	EndGlobalSection
	GlobalSection(SolutionProperties) = preSolution
		HideSolutionNode = FALSE
	EndGlobalSection
EndGlobal
